// !$*UTF8*$!
{
	archiveVersion = 1;
	classes = {
	};
	objectVersion = 46;
	objects = {

/* Begin PBXBuildFile section */
		49C435F31C4836460070728B /* AppDelegate.swift in Sources */ = {isa = PBXBuildFile; fileRef = 49C435F21C4836460070728B /* AppDelegate.swift */; };
		49C435FD1C4836460070728B /* LaunchScreen.storyboard in Resources */ = {isa = PBXBuildFile; fileRef = 49C435FB1C4836460070728B /* LaunchScreen.storyboard */; };
		49C436051C4836810070728B /* MyViewController.swift in Sources */ = {isa = PBXBuildFile; fileRef = 49C436041C4836810070728B /* MyViewController.swift */; };
		49C4361E1C483E0A0070728B /* LazyKit.framework in Frameworks */ = {isa = PBXBuildFile; fileRef = 49C4361C1C483E040070728B /* LazyKit.framework */; };
		49C4361F1C483E0A0070728B /* LazyKit.framework in Embed Frameworks */ = {isa = PBXBuildFile; fileRef = 49C4361C1C483E040070728B /* LazyKit.framework */; settings = {ATTRIBUTES = (CodeSignOnCopy, RemoveHeadersOnCopy, ); }; };
/* End PBXBuildFile section */

/* Begin PBXCopyFilesBuildPhase section */
		49C4361B1C483C4C0070728B /* Embed Frameworks */ = {
			isa = PBXCopyFilesBuildPhase;
			buildActionMask = 2147483647;
			dstPath = "";
			dstSubfolderSpec = 10;
			files = (
				49C4361F1C483E0A0070728B /* LazyKit.framework in Embed Frameworks */,
			);
			name = "Embed Frameworks";
			runOnlyForDeploymentPostprocessing = 0;
		};
/* End PBXCopyFilesBuildPhase section */

/* Begin PBXFileReference section */
		49C435EF1C4836460070728B /* LazyKitDemo.app */ = {isa = PBXFileReference; explicitFileType = wrapper.application; includeInIndex = 0; path = LazyKitDemo.app; sourceTree = BUILT_PRODUCTS_DIR; };
		49C435F21C4836460070728B /* AppDelegate.swift */ = {isa = PBXFileReference; lastKnownFileType = sourcecode.swift; path = AppDelegate.swift; sourceTree = "<group>"; };
		49C435FC1C4836460070728B /* Base */ = {isa = PBXFileReference; lastKnownFileType = file.storyboard; name = Base; path = Base.lproj/LaunchScreen.storyboard; sourceTree = "<group>"; };
		49C435FE1C4836460070728B /* Info.plist */ = {isa = PBXFileReference; lastKnownFileType = text.plist.xml; path = Info.plist; sourceTree = "<group>"; };
		49C436041C4836810070728B /* MyViewController.swift */ = {isa = PBXFileReference; fileEncoding = 4; lastKnownFileType = sourcecode.swift; path = MyViewController.swift; sourceTree = "<group>"; };
		49C4361C1C483E040070728B /* LazyKit.framework */ = {isa = PBXFileReference; lastKnownFileType = wrapper.framework; name = LazyKit.framework; path = ../LazyKit/Frameworks/LazyKit.framework; sourceTree = "<group>"; };
/* End PBXFileReference section */

/* Begin PBXFrameworksBuildPhase section */
		49C435EC1C4836460070728B /* Frameworks */ = {
			isa = PBXFrameworksBuildPhase;
			buildActionMask = 2147483647;
			files = (
				49C4361E1C483E0A0070728B /* LazyKit.framework in Frameworks */,
			);
			runOnlyForDeploymentPostprocessing = 0;
		};
/* End PBXFrameworksBuildPhase section */

/* Begin PBXGroup section */
		49C435E61C4836460070728B = {
			isa = PBXGroup;
			children = (
				49C4361C1C483E040070728B /* LazyKit.framework */,
				49C435F11C4836460070728B /* LazyKitDemo */,
				49C435F01C4836460070728B /* Products */,
			);
			sourceTree = "<group>";
		};
		49C435F01C4836460070728B /* Products */ = {
			isa = PBXGroup;
			children = (
				49C435EF1C4836460070728B /* LazyKitDemo.app */,
			);
			name = Products;
			sourceTree = "<group>";
		};
		49C435F11C4836460070728B /* LazyKitDemo */ = {
			isa = PBXGroup;
			children = (
				49C435F21C4836460070728B /* AppDelegate.swift */,
				49C436041C4836810070728B /* MyViewController.swift */,
				49C435FB1C4836460070728B /* LaunchScreen.storyboard */,
				49C435FE1C4836460070728B /* Info.plist */,
			);
			path = LazyKitDemo;
			sourceTree = "<group>";
		};
/* End PBXGroup section */

/* Begin PBXNativeTarget section */
		49C435EE1C4836460070728B /* LazyKitDemo */ = {
			isa = PBXNativeTarget;
			buildConfigurationList = 49C436011C4836460070728B /* Build configuration list for PBXNativeTarget "LazyKitDemo" */;
			buildPhases = (
				49C435EB1C4836460070728B /* Sources */,
				49C435EC1C4836460070728B /* Frameworks */,
				49C435ED1C4836460070728B /* Resources */,
				49C4361B1C483C4C0070728B /* Embed Frameworks */,
			);
			buildRules = (
			);
			dependencies = (
			);
			name = LazyKitDemo;
			productName = LazyKitDemo;
			productReference = 49C435EF1C4836460070728B /* LazyKitDemo.app */;
			productType = "com.apple.product-type.application";
		};
/* End PBXNativeTarget section */

/* Begin PBXProject section */
		49C435E71C4836460070728B /* Project object */ = {
			isa = PBXProject;
			attributes = {
				LastSwiftUpdateCheck = 0720;
				LastUpgradeCheck = 0720;
				ORGANIZATIONNAME = "Kevin Malkic";
				TargetAttributes = {
					49C435EE1C4836460070728B = {
						CreatedOnToolsVersion = 7.2;
					};
				};
			};
			buildConfigurationList = 49C435EA1C4836460070728B /* Build configuration list for PBXProject "LazyKitDemo" */;
			compatibilityVersion = "Xcode 3.2";
			developmentRegion = English;
			hasScannedForEncodings = 0;
			knownRegions = (
				en,
				Base,
			);
			mainGroup = 49C435E61C4836460070728B;
			productRefGroup = 49C435F01C4836460070728B /* Products */;
			projectDirPath = "";
			projectRoot = "";
			targets = (
				49C435EE1C4836460070728B /* LazyKitDemo */,
			);
		};
/* End PBXProject section */

/* Begin PBXResourcesBuildPhase section */
		49C435ED1C4836460070728B /* Resources */ = {
			isa = PBXResourcesBuildPhase;
			buildActionMask = 2147483647;
			files = (
				49C435FD1C4836460070728B /* LaunchScreen.storyboard in Resources */,
			);
			runOnlyForDeploymentPostprocessing = 0;
		};
/* End PBXResourcesBuildPhase section */

/* Begin PBXSourcesBuildPhase section */
		49C435EB1C4836460070728B /* Sources */ = {
			isa = PBXSourcesBuildPhase;
			buildActionMask = 2147483647;
			files = (
				49C436051C4836810070728B /* MyViewController.swift in Sources */,
				49C435F31C4836460070728B /* AppDelegate.swift in Sources */,
			);
			runOnlyForDeploymentPostprocessing = 0;
		};
/* End PBXSourcesBuildPhase section */

/* Begin PBXVariantGroup section */
		49C435FB1C4836460070728B /* LaunchScreen.storyboard */ = {
			isa = PBXVariantGroup;
			children = (
				49C435FC1C4836460070728B /* Base */,
			);
			name = LaunchScreen.storyboard;
			sourceTree = "<group>";
		};
/* End PBXVariantGroup section */

/* Begin XCBuildConfiguration section */
		49C435FF1C4836460070728B /* Debug */ = {
			isa = XCBuildConfiguration;
			buildSettings = {
				ALWAYS_SEARCH_USER_PATHS = NO;
				CLANG_CXX_LANGUAGE_STANDARD = "gnu++0x";
				CLANG_CXX_LIBRARY = "libc++";
				CLANG_ENABLE_MODULES = YES;
				CLANG_ENABLE_OBJC_ARC = YES;
				CLANG_WARN_BOOL_CONVERSION = YES;
				CLANG_WARN_CONSTANT_CONVERSION = YES;
				CLANG_WARN_DIRECT_OBJC_ISA_USAGE = YES_ERROR;
				CLANG_WARN_EMPTY_BODY = YES;
				CLANG_WARN_ENUM_CONVERSION = YES;
				CLANG_WARN_INT_CONVERSION = YES;
				CLANG_WARN_OBJC_ROOT_CLASS = YES_ERROR;
				CLANG_WARN_UNREACHABLE_CODE = YES;
				CLANG_WARN__DUPLICATE_METHOD_MATCH = YES;
				"CODE_SIGN_IDENTITY[sdk=iphoneos*]" = "iPhone Developer";
				COPY_PHASE_STRIP = NO;
				DEBUG_INFORMATION_FORMAT = dwarf;
				ENABLE_STRICT_OBJC_MSGSEND = YES;
				ENABLE_TESTABILITY = YES;
				GCC_C_LANGUAGE_STANDARD = gnu99;
				GCC_DYNAMIC_NO_PIC = NO;
				GCC_NO_COMMON_BLOCKS = YES;
				GCC_OPTIMIZATION_LEVEL = 0;
				GCC_PREPROCESSOR_DEFINITIONS = (
					"DEBUG=1",
					"$(inherited)",
				);
				GCC_WARN_64_TO_32_BIT_CONVERSION = YES;
				GCC_WARN_ABOUT_RETURN_TYPE = YES_ERROR;
				GCC_WARN_UNDECLARED_SELECTOR = YES;
				GCC_WARN_UNINITIALIZED_AUTOS = YES_AGGRESSIVE;
				GCC_WARN_UNUSED_FUNCTION = YES;
				GCC_WARN_UNUSED_VARIABLE = YES;
				IPHONEOS_DEPLOYMENT_TARGET = 9.2;
				MTL_ENABLE_DEBUG_INFO = YES;
				ONLY_ACTIVE_ARCH = YES;
				SDKROOT = iphoneos;
				SWIFT_OPTIMIZATION_LEVEL = "-Onone";
				TARGETED_DEVICE_FAMILY = "1,2";
			};
			name = Debug;
		};
		49C436001C4836460070728B /* Release */ = {
			isa = XCBuildConfiguration;
			buildSettings = {
				ALWAYS_SEARCH_USER_PATHS = NO;
				CLANG_CXX_LANGUAGE_STANDARD = "gnu++0x";
				CLANG_CXX_LIBRARY = "libc++";
				CLANG_ENABLE_MODULES = YES;
				CLANG_ENABLE_OBJC_ARC = YES;
				CLANG_WARN_BOOL_CONVERSION = YES;
				CLANG_WARN_CONSTANT_CONVERSION = YES;
				CLANG_WARN_DIRECT_OBJC_ISA_USAGE = YES_ERROR;
				CLANG_WARN_EMPTY_BODY = YES;
				CLANG_WARN_ENUM_CONVERSION = YES;
				CLANG_WARN_INT_CONVERSION = YES;
				CLANG_WARN_OBJC_ROOT_CLASS = YES_ERROR;
				CLANG_WARN_UNREACHABLE_CODE = YES;
				CLANG_WARN__DUPLICATE_METHOD_MATCH = YES;
				"CODE_SIGN_IDENTITY[sdk=iphoneos*]" = "iPhone Developer";
				COPY_PHASE_STRIP = NO;
				DEBUG_INFORMATION_FORMAT = "dwarf-with-dsym";
				ENABLE_NS_ASSERTIONS = NO;
				ENABLE_STRICT_OBJC_MSGSEND = YES;
				GCC_C_LANGUAGE_STANDARD = gnu99;
				GCC_NO_COMMON_BLOCKS = YES;
				GCC_WARN_64_TO_32_BIT_CONVERSION = YES;
				GCC_WARN_ABOUT_RETURN_TYPE = YES_ERROR;
				GCC_WARN_UNDECLARED_SELECTOR = YES;
				GCC_WARN_UNINITIALIZED_AUTOS = YES_AGGRESSIVE;
				GCC_WARN_UNUSED_FUNCTION = YES;
				GCC_WARN_UNUSED_VARIABLE = YES;
				IPHONEOS_DEPLOYMENT_TARGET = 9.2;
				MTL_ENABLE_DEBUG_INFO = NO;
				SDKROOT = iphoneos;
				TARGETED_DEVICE_FAMILY = "1,2";
				VALIDATE_PRODUCT = YES;
			};
			name = Release;
		};
		49C436021C4836460070728B /* Debug */ = {
			isa = XCBuildConfiguration;
			buildSettings = {
				ASSETCATALOG_COMPILER_APPICON_NAME = AppIcon;
				FRAMEWORK_SEARCH_PATHS = "$(SRCROOT)/../LazyKit/Frameworks";
				INFOPLIST_FILE = LazyKitDemo/Info.plist;
				LD_RUNPATH_SEARCH_PATHS = "$(inherited) @executable_path/Frameworks";
				PRODUCT_BUNDLE_IDENTIFIER = com.kevinmalkic.LazyKitDemo;
				PRODUCT_NAME = "$(TARGET_NAME)";
			};
			name = Debug;
		};
		49C436031C4836460070728B /* Release */ = {
			isa = XCBuildConfiguration;
			buildSettings = {
				ASSETCATALOG_COMPILER_APPICON_NAME = AppIcon;
				FRAMEWORK_SEARCH_PATHS = "$(SRCROOT)/../LazyKit/Frameworks";
				INFOPLIST_FILE = LazyKitDemo/Info.plist;
				LD_RUNPATH_SEARCH_PATHS = "$(inherited) @executable_path/Frameworks";
				PRODUCT_BUNDLE_IDENTIFIER = com.kevinmalkic.LazyKitDemo;
				PRODUCT_NAME = "$(TARGET_NAME)";
			};
			name = Release;
		};
/* End XCBuildConfiguration section */

/* Begin XCConfigurationList section */
		49C435EA1C4836460070728B /* Build configuration list for PBXProject "LazyKitDemo" */ = {
			isa = XCConfigurationList;
			buildConfigurations = (
				49C435FF1C4836460070728B /* Debug */,
				49C436001C4836460070728B /* Release */,
			);
			defaultConfigurationIsVisible = 0;
			defaultConfigurationName = Release;
		};
		49C436011C4836460070728B /* Build configuration list for PBXNativeTarget "LazyKitDemo" */ = {
			isa = XCConfigurationList;
			buildConfigurations = (
				49C436021C4836460070728B /* Debug */,
				49C436031C4836460070728B /* Release */,
			);
			defaultConfigurationIsVisible = 0;
			defaultConfigurationName = Release;
		};
/* End XCConfigurationList section */
	};
	rootObject = 49C435E71C4836460070728B /* Project object */;
}
